{
  "requires": true,
  "lockfileVersion": 1,
  "dependencies": {
    "vue-html-to-paper": {
      "version": "1.4.4",
      "resolved": "https://registry.npmjs.org/vue-html-to-paper/-/vue-html-to-paper-1.4.4.tgz",
      "integrity": "sha512-5Stkm0jJDsC7A/WJWroxqxiASR1+9fcgVWy7AXv30uxdxTPOr7k1Z4KUklZJm7dkHR45tExVCMSOHuxrC22TEw=="
    }
  }
}
